
Microsoft Visual Studio Solution File, Format Version 12.00
# Visual Studio Version 17
VisualStudioVersion = 17.3.32901.215
MinimumVisualStudioVersion = 10.0.40219.1
Project("{8BC9CEB8-8B4A-11D0-8D11-00A0C91BC942}") = "Project1", "Project1\Project1.vcxproj", "{6CFE582A-FAD6-4ED9-9650-D448845DEA6B}"
EndProject
Global
	GlobalSection(SolutionConfigurationPlatforms) = preSolution
		Debug|x64 = Debug|x64
		Debug|x86 = Debug|x86
		Release|x64 = Release|x64
		Release|x86 = Release|x86
	EndGlobalSection
	GlobalSection(ProjectConfigurationPlatforms) = postSolution
		{6CFE582A-FAD6-4ED9-9650-D448845DEA6B}.Debug|x64.ActiveCfg = Debug|x64
		{6CFE582A-FAD6-4ED9-9650-D448845DEA6B}.Debug|x64.Build.0 = Debug|x64
		{6CFE582A-FAD6-4ED9-9650-D448845DEA6B}.Debug|x86.ActiveCfg = Debug|Win32
		{6CFE582A-FAD6-4ED9-9650-D448845DEA6B}.Debug|x86.Build.0 = Debug|Win32
		{6CFE582A-FAD6-4ED9-9650-D448845DEA6B}.Release|x64.ActiveCfg = Release|x64
		{6CFE582A-FAD6-4ED9-9650-D448845DEA6B}.Release|x64.Build.0 = Release|x64
		{6CFE582A-FAD6-4ED9-9650-D448845DEA6B}.Release|x86.ActiveCfg = Release|Win32
		{6CFE582A-FAD6-4ED9-9650-D448845DEA6B}.Release|x86.Build.0 = Release|Win32
	EndGlobalSection
	GlobalSection(SolutionProperties) = preSolution
		HideSolutionNode = FALSE
	EndGlobalSection
	GlobalSection(ExtensibilityGlobals) = postSolution
		SolutionGuid = {C1F5D0BE-0530-4B1C-8F65-65173D1E5A9C}
	EndGlobalSection
EndGlobal
